github.com/google/uuid v1.6.0 h1:NIvaJDMOsjHA8n1jAhLSgzrAzy1Hgr+hNrb57e+94F0=
github.com/google/uuid v1.6.0/go.mod h1:TIyPZe4MgqvfeYDBFedMoGGpEw/LqOeaOT+nhxU+yHo=
github.com/guregu/null/v6 v6.0.0 h1:N14VRS+4di81i1PXRiprbQJ9EM9gqBa0+KVMeS/QSjQ=
github.com/guregu/null/v6 v6.0.0/go.mod h1:hrMIhIfrOZeLPZhROSn149tpw2gHkidAqxoXNyeX3iQ=
github.com/lib/pq v1.10.9 h1:YXG7RB+JIjhP29X+OtkiDnYaXQwpS4JEWq7dtCCRUEw=
github.com/lib/pq v1.10.9/go.mod h1:AlVN5x4E4T544tWzH6hKfbfQvm3HdbOxrmggDNAPY9o=
